
Microsoft Visual Studio Solution File, Format Version 12.00
# Visual Studio Version 16
VisualStudioVersion = 16.0.32407.337
MinimumVisualStudioVersion = 10.0.40219.1
Project("{FAE04EC0-301F-11D3-BF4B-00C04F79EFBC}") = "EKapplication", "EKapplication.csproj", "{55BA1FC4-FEE0-4675-8F6D-44CC193F6C3C}"
EndProject
Global
	GlobalSection(SolutionConfigurationPlatforms) = preSolution
		Debug|Any CPU = Debug|Any CPU
		Release|Any CPU = Release|Any CPU
	EndGlobalSection
	GlobalSection(ProjectConfigurationPlatforms) = postSolution
		{55BA1FC4-FEE0-4675-8F6D-44CC193F6C3C}.Debug|Any CPU.ActiveCfg = Debug|Any CPU
		{55BA1FC4-FEE0-4675-8F6D-44CC193F6C3C}.Debug|Any CPU.Build.0 = Debug|Any CPU
		{55BA1FC4-FEE0-4675-8F6D-44CC193F6C3C}.Release|Any CPU.ActiveCfg = Release|Any CPU
		{55BA1FC4-FEE0-4675-8F6D-44CC193F6C3C}.Release|Any CPU.Build.0 = Release|Any CPU
	EndGlobalSection
	GlobalSection(SolutionProperties) = preSolution
		HideSolutionNode = FALSE
	EndGlobalSection
	GlobalSection(ExtensibilityGlobals) = postSolution
		SolutionGuid = {A1C0BBF8-CA5D-4923-BDA3-F90E2F4C333B}
	EndGlobalSection
EndGlobal
